
Microsoft Visual Studio Solution File, Format Version 12.00
# Visual Studio Version 17
VisualStudioVersion = 17.14.36429.23 d17.14
MinimumVisualStudioVersion = 10.0.40219.1
Project("{FAE04EC0-301F-11D3-BF4B-00C04F79EFBC}") = "ConsoleApp2", "ConsoleApp2\ConsoleApp2.csproj", "{92BEB7A9-0ECC-46D2-A88E-11E1903B022A}"
EndProject
Global
	GlobalSection(SolutionConfigurationPlatforms) = preSolution
		Debug|Any CPU = Debug|Any CPU
		Release|Any CPU = Release|Any CPU
	EndGlobalSection
	GlobalSection(ProjectConfigurationPlatforms) = postSolution
		{92BEB7A9-0ECC-46D2-A88E-11E1903B022A}.Debug|Any CPU.ActiveCfg = Debug|Any CPU
		{92BEB7A9-0ECC-46D2-A88E-11E1903B022A}.Debug|Any CPU.Build.0 = Debug|Any CPU
		{92BEB7A9-0ECC-46D2-A88E-11E1903B022A}.Release|Any CPU.ActiveCfg = Release|Any CPU
		{92BEB7A9-0ECC-46D2-A88E-11E1903B022A}.Release|Any CPU.Build.0 = Release|Any CPU
	EndGlobalSection
	GlobalSection(SolutionProperties) = preSolution
		HideSolutionNode = FALSE
	EndGlobalSection
	GlobalSection(ExtensibilityGlobals) = postSolution
		SolutionGuid = {02B3D0D7-62C4-4231-9E01-6808D18089AE}
	EndGlobalSection
EndGlobal
